{
  "name": "@swimlane/ngx-dnd",
  "version": "6.0.0",
  "lockfileVersion": 1,
  "requires": true,
  "dependencies": {
    "@swimlane/dragula": {
      "version": "3.8.0",
      "resolved": "https://registry.npmjs.org/@swimlane/dragula/-/dragula-3.8.0.tgz",
      "integrity": "sha512-1F3sWPs9GRbQysuOa92llH21YYgc0YezTAtt72AmMxgv8erX8h/S6hYWzqEj5SIB/+u/YRx298dKU0tGoYGgNg==",
      "requires": {
        "contra": "1.9.4",
        "crossvent": "1.5.4"
      }
    },
    "@types/dragula": {
      "version": "2.1.34",
      "resolved": "https://registry.npmjs.org/@types/dragula/-/dragula-2.1.34.tgz",
      "integrity": "sha512-tZbauiqJgEpKKtBQI8pQ24FrkDNGhiXCFsygqQPeAJTPJJC1RI0BOmHv7VHI9qDehhXXffq9aJEUhqEQyY/PVA=="
    },
    "atoa": {
      "version": "1.0.0",
      "resolved": "https://registry.npmjs.org/atoa/-/atoa-1.0.0.tgz",
      "integrity": "sha1-DMDpGkgOc4+SPrwQNnZHF3mzSkk="
    },
    "contra": {
      "version": "1.9.4",
      "resolved": "https://registry.npmjs.org/contra/-/contra-1.9.4.tgz",
      "integrity": "sha1-9TveQtfltZhcrk2ZqNYQUm3o8o0=",
      "requires": {
        "atoa": "1.0.0",
        "ticky": "1.0.1"
      }
    },
    "crossvent": {
      "version": "1.5.4",
      "resolved": "https://registry.npmjs.org/crossvent/-/crossvent-1.5.4.tgz",
      "integrity": "sha1-2ixPj0DJR4JRe/K+7BBEFIGUq5I=",
      "requires": {
        "custom-event": "1.0.0"
      }
    },
    "custom-event": {
      "version": "1.0.0",
      "resolved": "https://registry.npmjs.org/custom-event/-/custom-event-1.0.0.tgz",
      "integrity": "sha1-LkYovhncSyFLXAJjDFlx6BFhgGI="
    },
    "ticky": {
      "version": "1.0.1",
      "resolved": "https://registry.npmjs.org/ticky/-/ticky-1.0.1.tgz",
      "integrity": "sha1-t8+nHnaPHJAAxJe5FRswlHxQ5G0="
    }
  }
}
